
Microsoft Visual Studio Solution File, Format Version 12.00
# Visual Studio Version 17
VisualStudioVersion = 17.14.36310.24
MinimumVisualStudioVersion = 10.0.40219.1
Project("{FAE04EC0-301F-11D3-BF4B-00C04F79EFBC}") = "GNW_Bazaar_HealthCare", "GNW-Bazaar\GNW_Bazaar_HealthCare.csproj", "{429244E1-A27F-4A02-8EDA-91B0518E05E1}"
EndProject
Project("{FAE04EC0-301F-11D3-BF4B-00C04F79EFBC}") = "GNW-Bazaar.Core", "GNW-Bazaar.Core\GNW-Bazaar.Core.csproj", "{C87D3849-EB96-40D2-A373-A40AD3DD4578}"
EndProject
Project("{FAE04EC0-301F-11D3-BF4B-00C04F79EFBC}") = "GNW-Bazzar.Dto", "GNW-Bazzar.Dto\GNW-Bazzar.Dto.csproj", "{179651A7-3178-47F9-A8AA-8F33E6A46432}"
EndProject
Project("{FAE04EC0-301F-11D3-BF4B-00C04F79EFBC}") = "GNW-Bazzar.Entity", "GNW-Bazzar.Entity\GNW-Bazzar.Entity.csproj", "{546AE34F-DD6A-4FAD-9B58-BDD7EB345C09}"
EndProject
Project("{FAE04EC0-301F-11D3-BF4B-00C04F79EFBC}") = "GNW-Bazzar.Infra", "GNW-Bazzar.Infra\GNW-Bazzar.Infra.csproj", "{3002E6C2-3EF4-426C-AC63-A00D30DF798E}"
EndProject
Project("{2150E333-8FDC-42A3-9474-1A3956D46DE8}") = "GNW_Bazaar", "GNW_Bazaar", "{02EA681E-C7D8-13C7-8484-4AC65E1B71E8}"
EndProject
Project("{2150E333-8FDC-42A3-9474-1A3956D46DE8}") = "ApiGateWay", "ApiGateWay", "{8DCF9F4E-547D-44F5-B4A7-B14B5C31A7AA}"
EndProject
Project("{FAE04EC0-301F-11D3-BF4B-00C04F79EFBC}") = "ApiGateway", "ApiGateway\ApiGateway.csproj", "{944FF754-957C-4606-A4BB-C3620B1A0ADA}"
EndProject
Project("{2150E333-8FDC-42A3-9474-1A3956D46DE8}") = "HealthCare", "HealthCare", "{604425D0-87CD-4B0F-AB6F-4D5801351E4C}"
EndProject
Project("{2150E333-8FDC-42A3-9474-1A3956D46DE8}") = "SignupAndLogin", "SignupAndLogin", "{600D39F2-3916-4381-9886-FADECD73D5FD}"
EndProject
Project("{FAE04EC0-301F-11D3-BF4B-00C04F79EFBC}") = "GNW_Bazaar_SignupAndLogin", "GNW_Bazaar_SignupAndLogin\GNW_Bazaar_SignupAndLogin.csproj", "{AF6669BE-61DF-41DE-A2A8-D36D9686DBFC}"
EndProject
Project("{2150E333-8FDC-42A3-9474-1A3956D46DE8}") = "Otp", "Otp", "{B941376F-EBF7-4D20-BDF4-05B51BAC7C69}"
EndProject
Project("{FAE04EC0-301F-11D3-BF4B-00C04F79EFBC}") = "GNW_Bazaar_Otp", "GNW_Bazaar_Otp\GNW_Bazaar_Otp.csproj", "{3A6A4831-FE00-480E-A35D-D3677A3DD180}"
EndProject
Global
	GlobalSection(SolutionConfigurationPlatforms) = preSolution
		Debug|Any CPU = Debug|Any CPU
		Release|Any CPU = Release|Any CPU
	EndGlobalSection
	GlobalSection(ProjectConfigurationPlatforms) = postSolution
		{429244E1-A27F-4A02-8EDA-91B0518E05E1}.Debug|Any CPU.ActiveCfg = Debug|Any CPU
		{429244E1-A27F-4A02-8EDA-91B0518E05E1}.Debug|Any CPU.Build.0 = Debug|Any CPU
		{429244E1-A27F-4A02-8EDA-91B0518E05E1}.Release|Any CPU.ActiveCfg = Release|Any CPU
		{429244E1-A27F-4A02-8EDA-91B0518E05E1}.Release|Any CPU.Build.0 = Release|Any CPU
		{C87D3849-EB96-40D2-A373-A40AD3DD4578}.Debug|Any CPU.ActiveCfg = Debug|Any CPU
		{C87D3849-EB96-40D2-A373-A40AD3DD4578}.Debug|Any CPU.Build.0 = Debug|Any CPU
		{C87D3849-EB96-40D2-A373-A40AD3DD4578}.Release|Any CPU.ActiveCfg = Release|Any CPU
		{C87D3849-EB96-40D2-A373-A40AD3DD4578}.Release|Any CPU.Build.0 = Release|Any CPU
		{179651A7-3178-47F9-A8AA-8F33E6A46432}.Debug|Any CPU.ActiveCfg = Debug|Any CPU
		{179651A7-3178-47F9-A8AA-8F33E6A46432}.Debug|Any CPU.Build.0 = Debug|Any CPU
		{179651A7-3178-47F9-A8AA-8F33E6A46432}.Release|Any CPU.ActiveCfg = Release|Any CPU
		{179651A7-3178-47F9-A8AA-8F33E6A46432}.Release|Any CPU.Build.0 = Release|Any CPU
		{546AE34F-DD6A-4FAD-9B58-BDD7EB345C09}.Debug|Any CPU.ActiveCfg = Debug|Any CPU
		{546AE34F-DD6A-4FAD-9B58-BDD7EB345C09}.Debug|Any CPU.Build.0 = Debug|Any CPU
		{546AE34F-DD6A-4FAD-9B58-BDD7EB345C09}.Release|Any CPU.ActiveCfg = Release|Any CPU
		{546AE34F-DD6A-4FAD-9B58-BDD7EB345C09}.Release|Any CPU.Build.0 = Release|Any CPU
		{3002E6C2-3EF4-426C-AC63-A00D30DF798E}.Debug|Any CPU.ActiveCfg = Debug|Any CPU
		{3002E6C2-3EF4-426C-AC63-A00D30DF798E}.Debug|Any CPU.Build.0 = Debug|Any CPU
		{3002E6C2-3EF4-426C-AC63-A00D30DF798E}.Release|Any CPU.ActiveCfg = Release|Any CPU
		{3002E6C2-3EF4-426C-AC63-A00D30DF798E}.Release|Any CPU.Build.0 = Release|Any CPU
		{944FF754-957C-4606-A4BB-C3620B1A0ADA}.Debug|Any CPU.ActiveCfg = Debug|Any CPU
		{944FF754-957C-4606-A4BB-C3620B1A0ADA}.Debug|Any CPU.Build.0 = Debug|Any CPU
		{944FF754-957C-4606-A4BB-C3620B1A0ADA}.Release|Any CPU.ActiveCfg = Release|Any CPU
		{944FF754-957C-4606-A4BB-C3620B1A0ADA}.Release|Any CPU.Build.0 = Release|Any CPU
		{AF6669BE-61DF-41DE-A2A8-D36D9686DBFC}.Debug|Any CPU.ActiveCfg = Debug|Any CPU
		{AF6669BE-61DF-41DE-A2A8-D36D9686DBFC}.Debug|Any CPU.Build.0 = Debug|Any CPU
		{AF6669BE-61DF-41DE-A2A8-D36D9686DBFC}.Release|Any CPU.ActiveCfg = Release|Any CPU
		{AF6669BE-61DF-41DE-A2A8-D36D9686DBFC}.Release|Any CPU.Build.0 = Release|Any CPU
		{3A6A4831-FE00-480E-A35D-D3677A3DD180}.Debug|Any CPU.ActiveCfg = Debug|Any CPU
		{3A6A4831-FE00-480E-A35D-D3677A3DD180}.Debug|Any CPU.Build.0 = Debug|Any CPU
		{3A6A4831-FE00-480E-A35D-D3677A3DD180}.Release|Any CPU.ActiveCfg = Release|Any CPU
		{3A6A4831-FE00-480E-A35D-D3677A3DD180}.Release|Any CPU.Build.0 = Release|Any CPU
	EndGlobalSection
	GlobalSection(SolutionProperties) = preSolution
		HideSolutionNode = FALSE
	EndGlobalSection
	GlobalSection(NestedProjects) = preSolution
		{429244E1-A27F-4A02-8EDA-91B0518E05E1} = {604425D0-87CD-4B0F-AB6F-4D5801351E4C}
		{944FF754-957C-4606-A4BB-C3620B1A0ADA} = {8DCF9F4E-547D-44F5-B4A7-B14B5C31A7AA}
		{604425D0-87CD-4B0F-AB6F-4D5801351E4C} = {02EA681E-C7D8-13C7-8484-4AC65E1B71E8}
		{600D39F2-3916-4381-9886-FADECD73D5FD} = {02EA681E-C7D8-13C7-8484-4AC65E1B71E8}
		{AF6669BE-61DF-41DE-A2A8-D36D9686DBFC} = {600D39F2-3916-4381-9886-FADECD73D5FD}
		{B941376F-EBF7-4D20-BDF4-05B51BAC7C69} = {02EA681E-C7D8-13C7-8484-4AC65E1B71E8}
		{3A6A4831-FE00-480E-A35D-D3677A3DD180} = {B941376F-EBF7-4D20-BDF4-05B51BAC7C69}
	EndGlobalSection
	GlobalSection(ExtensibilityGlobals) = postSolution
		SolutionGuid = {763BB717-D01E-40AD-938D-A5C753368F3D}
	EndGlobalSection
EndGlobal
